// !$*UTF8*$!
{
	archiveVersion = 1;
	classes = {
	};
	objectVersion = 50;
	objects = {

/* Begin PBXBuildFile section */
		E60668132409DEFB007150C3 /* SettingItem.xib in Resources */ = {isa = PBXBuildFile; fileRef = E60668122409DEFB007150C3 /* SettingItem.xib */; };
		E60668172409DFEE007150C3 /* SettingItem.swift in Sources */ = {isa = PBXBuildFile; fileRef = E60668162409DFEE007150C3 /* SettingItem.swift */; };
		E60E66A62409CE99004B8990 /* SettingsViewController.swift in Sources */ = {isa = PBXBuildFile; fileRef = E60E66A52409CE99004B8990 /* SettingsViewController.swift */; };
		E60E66A92409CEFF004B8990 /* SettingsModel.swift in Sources */ = {isa = PBXBuildFile; fileRef = E60E66A82409CEFF004B8990 /* SettingsModel.swift */; };
		E6466D7024096F1D008EAA63 /* MainModel.swift in Sources */ = {isa = PBXBuildFile; fileRef = E6466D6F24096F1D008EAA63 /* MainModel.swift */; };
		E6466D7324099969008EAA63 /* Localizable.strings in Resources */ = {isa = PBXBuildFile; fileRef = E6466D7524099969008EAA63 /* Localizable.strings */; };
		E64862F523D769AF00874E2F /* AppDelegate.swift in Sources */ = {isa = PBXBuildFile; fileRef = E64862F423D769AF00874E2F /* AppDelegate.swift */; };
		E64862F723D769AF00874E2F /* SceneDelegate.swift in Sources */ = {isa = PBXBuildFile; fileRef = E64862F623D769AF00874E2F /* SceneDelegate.swift */; };
		E64862F923D769AF00874E2F /* MainViewController.swift in Sources */ = {isa = PBXBuildFile; fileRef = E64862F823D769AF00874E2F /* MainViewController.swift */; };
		E64862FC23D769AF00874E2F /* Main.storyboard in Resources */ = {isa = PBXBuildFile; fileRef = E64862FA23D769AF00874E2F /* Main.storyboard */; };
		E64862FE23D769B200874E2F /* Assets.xcassets in Resources */ = {isa = PBXBuildFile; fileRef = E64862FD23D769B200874E2F /* Assets.xcassets */; };
		E648630123D769B200874E2F /* LaunchScreen.storyboard in Resources */ = {isa = PBXBuildFile; fileRef = E64862FF23D769B200874E2F /* LaunchScreen.storyboard */; };
/* End PBXBuildFile section */

/* Begin PBXFileReference section */
		E60668122409DEFB007150C3 /* SettingItem.xib */ = {isa = PBXFileReference; lastKnownFileType = file.xib; path = SettingItem.xib; sourceTree = "<group>"; };
		E60668162409DFEE007150C3 /* SettingItem.swift */ = {isa = PBXFileReference; lastKnownFileType = sourcecode.swift; path = SettingItem.swift; sourceTree = "<group>"; };
		E60E66A52409CE99004B8990 /* SettingsViewController.swift */ = {isa = PBXFileReference; lastKnownFileType = sourcecode.swift; path = SettingsViewController.swift; sourceTree = "<group>"; };
		E60E66A82409CEFF004B8990 /* SettingsModel.swift */ = {isa = PBXFileReference; lastKnownFileType = sourcecode.swift; path = SettingsModel.swift; sourceTree = "<group>"; };
		E6466D6F24096F1D008EAA63 /* MainModel.swift */ = {isa = PBXFileReference; lastKnownFileType = sourcecode.swift; path = MainModel.swift; sourceTree = "<group>"; };
		E6466D7424099969008EAA63 /* en */ = {isa = PBXFileReference; lastKnownFileType = text.plist.strings; name = en; path = en.lproj/Localizable.strings; sourceTree = "<group>"; };
		E6466D76240999D9008EAA63 /* ru */ = {isa = PBXFileReference; lastKnownFileType = text.plist.strings; name = ru; path = ru.lproj/Localizable.strings; sourceTree = "<group>"; };
		E64862F123D769AF00874E2F /* Practice1.app */ = {isa = PBXFileReference; explicitFileType = wrapper.application; includeInIndex = 0; path = Practice1.app; sourceTree = BUILT_PRODUCTS_DIR; };
		E64862F423D769AF00874E2F /* AppDelegate.swift */ = {isa = PBXFileReference; lastKnownFileType = sourcecode.swift; path = AppDelegate.swift; sourceTree = "<group>"; };
		E64862F623D769AF00874E2F /* SceneDelegate.swift */ = {isa = PBXFileReference; lastKnownFileType = sourcecode.swift; path = SceneDelegate.swift; sourceTree = "<group>"; };
		E64862F823D769AF00874E2F /* MainViewController.swift */ = {isa = PBXFileReference; lastKnownFileType = sourcecode.swift; path = MainViewController.swift; sourceTree = "<group>"; };
		E64862FB23D769AF00874E2F /* Base */ = {isa = PBXFileReference; lastKnownFileType = file.storyboard; name = Base; path = Base.lproj/Main.storyboard; sourceTree = "<group>"; };
		E64862FD23D769B200874E2F /* Assets.xcassets */ = {isa = PBXFileReference; lastKnownFileType = folder.assetcatalog; path = Assets.xcassets; sourceTree = "<group>"; };
		E648630023D769B200874E2F /* Base */ = {isa = PBXFileReference; lastKnownFileType = file.storyboard; name = Base; path = Base.lproj/LaunchScreen.storyboard; sourceTree = "<group>"; };
		E648630223D769B200874E2F /* Info.plist */ = {isa = PBXFileReference; lastKnownFileType = text.plist.xml; path = Info.plist; sourceTree = "<group>"; };
/* End PBXFileReference section */

/* Begin PBXFrameworksBuildPhase section */
		E64862EE23D769AF00874E2F /* Frameworks */ = {
			isa = PBXFrameworksBuildPhase;
			buildActionMask = 2147483647;
			files = (
			);
			runOnlyForDeploymentPostprocessing = 0;
		};
/* End PBXFrameworksBuildPhase section */

/* Begin PBXGroup section */
		E60668182409E29C007150C3 /* SettingItem */ = {
			isa = PBXGroup;
			children = (
				E60668122409DEFB007150C3 /* SettingItem.xib */,
				E60668162409DFEE007150C3 /* SettingItem.swift */,
			);
			path = SettingItem;
			sourceTree = "<group>";
		};
		E60E66A42409CC33004B8990 /* Main */ = {
			isa = PBXGroup;
			children = (
				E64862F823D769AF00874E2F /* MainViewController.swift */,
				E6466D6F24096F1D008EAA63 /* MainModel.swift */,
			);
			path = Main;
			sourceTree = "<group>";
		};
		E60E66A72409CEA3004B8990 /* Settings */ = {
			isa = PBXGroup;
			children = (
				E60E66A52409CE99004B8990 /* SettingsViewController.swift */,
				E60E66A82409CEFF004B8990 /* SettingsModel.swift */,
				E60668182409E29C007150C3 /* SettingItem */,
			);
			path = Settings;
			sourceTree = "<group>";
		};
		E6466D6E24096E3F008EAA63 /* Supporting Files */ = {
			isa = PBXGroup;
			children = (
				E64862F423D769AF00874E2F /* AppDelegate.swift */,
				E64862F623D769AF00874E2F /* SceneDelegate.swift */,
				E64862FF23D769B200874E2F /* LaunchScreen.storyboard */,
				E64862FD23D769B200874E2F /* Assets.xcassets */,
			);
			path = "Supporting Files";
			sourceTree = "<group>";
		};
		E64862E823D769AF00874E2F = {
			isa = PBXGroup;
			children = (
				E64862F323D769AF00874E2F /* Practice1 */,
				E64862F223D769AF00874E2F /* Products */,
			);
			sourceTree = "<group>";
		};
		E64862F223D769AF00874E2F /* Products */ = {
			isa = PBXGroup;
			children = (
				E64862F123D769AF00874E2F /* Practice1.app */,
			);
			name = Products;
			sourceTree = "<group>";
		};
		E64862F323D769AF00874E2F /* Practice1 */ = {
			isa = PBXGroup;
			children = (
				E6466D6E24096E3F008EAA63 /* Supporting Files */,
				E60E66A42409CC33004B8990 /* Main */,
				E60E66A72409CEA3004B8990 /* Settings */,
				E64862FA23D769AF00874E2F /* Main.storyboard */,
				E648630223D769B200874E2F /* Info.plist */,
				E6466D7524099969008EAA63 /* Localizable.strings */,
			);
			path = Practice1;
			sourceTree = "<group>";
		};
/* End PBXGroup section */

/* Begin PBXNativeTarget section */
		E64862F023D769AF00874E2F /* Practice1 */ = {
			isa = PBXNativeTarget;
			buildConfigurationList = E648630523D769B200874E2F /* Build configuration list for PBXNativeTarget "Practice1" */;
			buildPhases = (
				E64862ED23D769AF00874E2F /* Sources */,
				E64862EE23D769AF00874E2F /* Frameworks */,
				E64862EF23D769AF00874E2F /* Resources */,
			);
			buildRules = (
			);
			dependencies = (
			);
			name = Practice1;
			productName = Practice1;
			productReference = E64862F123D769AF00874E2F /* Practice1.app */;
			productType = "com.apple.product-type.application";
		};
/* End PBXNativeTarget section */

/* Begin PBXProject section */
		E64862E923D769AF00874E2F /* Project object */ = {
			isa = PBXProject;
			attributes = {
				LastSwiftUpdateCheck = 1130;
				LastUpgradeCheck = 1130;
				ORGANIZATIONNAME = "Anton Pryakhin";
				TargetAttributes = {
					E64862F023D769AF00874E2F = {
						CreatedOnToolsVersion = 11.3;
					};
				};
			};
			buildConfigurationList = E64862EC23D769AF00874E2F /* Build configuration list for PBXProject "Practice1" */;
			compatibilityVersion = "Xcode 9.3";
			developmentRegion = en;
			hasScannedForEncodings = 0;
			knownRegions = (
				en,
				Base,
				ru,
			);
			mainGroup = E64862E823D769AF00874E2F;
			productRefGroup = E64862F223D769AF00874E2F /* Products */;
			projectDirPath = "";
			projectRoot = "";
			targets = (
				E64862F023D769AF00874E2F /* Practice1 */,
			);
		};
/* End PBXProject section */

/* Begin PBXResourcesBuildPhase section */
		E64862EF23D769AF00874E2F /* Resources */ = {
			isa = PBXResourcesBuildPhase;
			buildActionMask = 2147483647;
			files = (
				E60668132409DEFB007150C3 /* SettingItem.xib in Resources */,
				E648630123D769B200874E2F /* LaunchScreen.storyboard in Resources */,
				E6466D7324099969008EAA63 /* Localizable.strings in Resources */,
				E64862FE23D769B200874E2F /* Assets.xcassets in Resources */,
				E64862FC23D769AF00874E2F /* Main.storyboard in Resources */,
			);
			runOnlyForDeploymentPostprocessing = 0;
		};
/* End PBXResourcesBuildPhase section */

/* Begin PBXSourcesBuildPhase section */
		E64862ED23D769AF00874E2F /* Sources */ = {
			isa = PBXSourcesBuildPhase;
			buildActionMask = 2147483647;
			files = (
				E60E66A92409CEFF004B8990 /* SettingsModel.swift in Sources */,
				E60668172409DFEE007150C3 /* SettingItem.swift in Sources */,
				E64862F923D769AF00874E2F /* MainViewController.swift in Sources */,
				E64862F523D769AF00874E2F /* AppDelegate.swift in Sources */,
				E64862F723D769AF00874E2F /* SceneDelegate.swift in Sources */,
				E60E66A62409CE99004B8990 /* SettingsViewController.swift in Sources */,
				E6466D7024096F1D008EAA63 /* MainModel.swift in Sources */,
			);
			runOnlyForDeploymentPostprocessing = 0;
		};
/* End PBXSourcesBuildPhase section */

/* Begin PBXVariantGroup section */
		E6466D7524099969008EAA63 /* Localizable.strings */ = {
			isa = PBXVariantGroup;
			children = (
				E6466D7424099969008EAA63 /* en */,
				E6466D76240999D9008EAA63 /* ru */,
			);
			name = Localizable.strings;
			sourceTree = "<group>";
		};
		E64862FA23D769AF00874E2F /* Main.storyboard */ = {
			isa = PBXVariantGroup;
			children = (
				E64862FB23D769AF00874E2F /* Base */,
			);
			name = Main.storyboard;
			sourceTree = "<group>";
		};
		E64862FF23D769B200874E2F /* LaunchScreen.storyboard */ = {
			isa = PBXVariantGroup;
			children = (
				E648630023D769B200874E2F /* Base */,
			);
			name = LaunchScreen.storyboard;
			sourceTree = "<group>";
		};
/* End PBXVariantGroup section */

/* Begin XCBuildConfiguration section */
		E648630323D769B200874E2F /* Debug */ = {
			isa = XCBuildConfiguration;
			buildSettings = {
				ALWAYS_SEARCH_USER_PATHS = NO;
				CLANG_ANALYZER_LOCALIZABILITY_NONLOCALIZED = YES;
				CLANG_ANALYZER_NONNULL = YES;
				CLANG_ANALYZER_NUMBER_OBJECT_CONVERSION = YES_AGGRESSIVE;
				CLANG_CXX_LANGUAGE_STANDARD = "gnu++14";
				CLANG_CXX_LIBRARY = "libc++";
				CLANG_ENABLE_MODULES = YES;
				CLANG_ENABLE_OBJC_ARC = YES;
				CLANG_ENABLE_OBJC_WEAK = YES;
				CLANG_WARN_BLOCK_CAPTURE_AUTORELEASING = YES;
				CLANG_WARN_BOOL_CONVERSION = YES;
				CLANG_WARN_COMMA = YES;
				CLANG_WARN_CONSTANT_CONVERSION = YES;
				CLANG_WARN_DEPRECATED_OBJC_IMPLEMENTATIONS = YES;
				CLANG_WARN_DIRECT_OBJC_ISA_USAGE = YES_ERROR;
				CLANG_WARN_DOCUMENTATION_COMMENTS = YES;
				CLANG_WARN_EMPTY_BODY = YES;
				CLANG_WARN_ENUM_CONVERSION = YES;
				CLANG_WARN_INFINITE_RECURSION = YES;
				CLANG_WARN_INT_CONVERSION = YES;
				CLANG_WARN_NON_LITERAL_NULL_CONVERSION = YES;
				CLANG_WARN_OBJC_IMPLICIT_RETAIN_SELF = YES;
				CLANG_WARN_OBJC_LITERAL_CONVERSION = YES;
				CLANG_WARN_OBJC_ROOT_CLASS = YES_ERROR;
				CLANG_WARN_RANGE_LOOP_ANALYSIS = YES;
				CLANG_WARN_STRICT_PROTOTYPES = YES;
				CLANG_WARN_SUSPICIOUS_MOVE = YES;
				CLANG_WARN_UNGUARDED_AVAILABILITY = YES_AGGRESSIVE;
				CLANG_WARN_UNREACHABLE_CODE = YES;
				CLANG_WARN__DUPLICATE_METHOD_MATCH = YES;
				COPY_PHASE_STRIP = NO;
				DEBUG_INFORMATION_FORMAT = dwarf;
				ENABLE_STRICT_OBJC_MSGSEND = YES;
				ENABLE_TESTABILITY = YES;
				GCC_C_LANGUAGE_STANDARD = gnu11;
				GCC_DYNAMIC_NO_PIC = NO;
				GCC_NO_COMMON_BLOCKS = YES;
				GCC_OPTIMIZATION_LEVEL = 0;
				GCC_PREPROCESSOR_DEFINITIONS = (
					"DEBUG=1",
					"$(inherited)",
				);
				GCC_WARN_64_TO_32_BIT_CONVERSION = YES;
				GCC_WARN_ABOUT_RETURN_TYPE = YES_ERROR;
				GCC_WARN_UNDECLARED_SELECTOR = YES;
				GCC_WARN_UNINITIALIZED_AUTOS = YES_AGGRESSIVE;
				GCC_WARN_UNUSED_FUNCTION = YES;
				GCC_WARN_UNUSED_VARIABLE = YES;
				IPHONEOS_DEPLOYMENT_TARGET = 13.2;
				MTL_ENABLE_DEBUG_INFO = INCLUDE_SOURCE;
				MTL_FAST_MATH = YES;
				ONLY_ACTIVE_ARCH = YES;
				SDKROOT = iphoneos;
				SWIFT_ACTIVE_COMPILATION_CONDITIONS = DEBUG;
				SWIFT_OPTIMIZATION_LEVEL = "-Onone";
			};
			name = Debug;
		};
		E648630423D769B200874E2F /* Release */ = {
			isa = XCBuildConfiguration;
			buildSettings = {
				ALWAYS_SEARCH_USER_PATHS = NO;
				CLANG_ANALYZER_LOCALIZABILITY_NONLOCALIZED = YES;
				CLANG_ANALYZER_NONNULL = YES;
				CLANG_ANALYZER_NUMBER_OBJECT_CONVERSION = YES_AGGRESSIVE;
				CLANG_CXX_LANGUAGE_STANDARD = "gnu++14";
				CLANG_CXX_LIBRARY = "libc++";
				CLANG_ENABLE_MODULES = YES;
				CLANG_ENABLE_OBJC_ARC = YES;
				CLANG_ENABLE_OBJC_WEAK = YES;
				CLANG_WARN_BLOCK_CAPTURE_AUTORELEASING = YES;
				CLANG_WARN_BOOL_CONVERSION = YES;
				CLANG_WARN_COMMA = YES;
				CLANG_WARN_CONSTANT_CONVERSION = YES;
				CLANG_WARN_DEPRECATED_OBJC_IMPLEMENTATIONS = YES;
				CLANG_WARN_DIRECT_OBJC_ISA_USAGE = YES_ERROR;
				CLANG_WARN_DOCUMENTATION_COMMENTS = YES;
				CLANG_WARN_EMPTY_BODY = YES;
				CLANG_WARN_ENUM_CONVERSION = YES;
				CLANG_WARN_INFINITE_RECURSION = YES;
				CLANG_WARN_INT_CONVERSION = YES;
				CLANG_WARN_NON_LITERAL_NULL_CONVERSION = YES;
				CLANG_WARN_OBJC_IMPLICIT_RETAIN_SELF = YES;
				CLANG_WARN_OBJC_LITERAL_CONVERSION = YES;
				CLANG_WARN_OBJC_ROOT_CLASS = YES_ERROR;
				CLANG_WARN_RANGE_LOOP_ANALYSIS = YES;
				CLANG_WARN_STRICT_PROTOTYPES = YES;
				CLANG_WARN_SUSPICIOUS_MOVE = YES;
				CLANG_WARN_UNGUARDED_AVAILABILITY = YES_AGGRESSIVE;
				CLANG_WARN_UNREACHABLE_CODE = YES;
				CLANG_WARN__DUPLICATE_METHOD_MATCH = YES;
				COPY_PHASE_STRIP = NO;
				DEBUG_INFORMATION_FORMAT = "dwarf-with-dsym";
				ENABLE_NS_ASSERTIONS = NO;
				ENABLE_STRICT_OBJC_MSGSEND = YES;
				GCC_C_LANGUAGE_STANDARD = gnu11;
				GCC_NO_COMMON_BLOCKS = YES;
				GCC_WARN_64_TO_32_BIT_CONVERSION = YES;
				GCC_WARN_ABOUT_RETURN_TYPE = YES_ERROR;
				GCC_WARN_UNDECLARED_SELECTOR = YES;
				GCC_WARN_UNINITIALIZED_AUTOS = YES_AGGRESSIVE;
				GCC_WARN_UNUSED_FUNCTION = YES;
				GCC_WARN_UNUSED_VARIABLE = YES;
				IPHONEOS_DEPLOYMENT_TARGET = 13.2;
				MTL_ENABLE_DEBUG_INFO = NO;
				MTL_FAST_MATH = YES;
				SDKROOT = iphoneos;
				SWIFT_COMPILATION_MODE = wholemodule;
				SWIFT_OPTIMIZATION_LEVEL = "-O";
				VALIDATE_PRODUCT = YES;
			};
			name = Release;
		};
		E648630623D769B200874E2F /* Debug */ = {
			isa = XCBuildConfiguration;
			buildSettings = {
				ASSETCATALOG_COMPILER_APPICON_NAME = AppIcon;
				CODE_SIGN_STYLE = Automatic;
				DEVELOPMENT_TEAM = Q86PKXKFSM;
				INFOPLIST_FILE = Practice1/Info.plist;
				IPHONEOS_DEPLOYMENT_TARGET = 13.2;
				LD_RUNPATH_SEARCH_PATHS = (
					"$(inherited)",
					"@executable_path/Frameworks",
				);
				PRODUCT_BUNDLE_IDENTIFIER = com.epam.school.Practice1;
				PRODUCT_NAME = "$(TARGET_NAME)";
				SWIFT_VERSION = 5.0;
				TARGETED_DEVICE_FAMILY = 1;
			};
			name = Debug;
		};
		E648630723D769B200874E2F /* Release */ = {
			isa = XCBuildConfiguration;
			buildSettings = {
				ASSETCATALOG_COMPILER_APPICON_NAME = AppIcon;
				CODE_SIGN_STYLE = Automatic;
				DEVELOPMENT_TEAM = Q86PKXKFSM;
				INFOPLIST_FILE = Practice1/Info.plist;
				IPHONEOS_DEPLOYMENT_TARGET = 13.2;
				LD_RUNPATH_SEARCH_PATHS = (
					"$(inherited)",
					"@executable_path/Frameworks",
				);
				PRODUCT_BUNDLE_IDENTIFIER = com.epam.school.Practice1;
				PRODUCT_NAME = "$(TARGET_NAME)";
				SWIFT_VERSION = 5.0;
				TARGETED_DEVICE_FAMILY = 1;
			};
			name = Release;
		};
/* End XCBuildConfiguration section */

/* Begin XCConfigurationList section */
		E64862EC23D769AF00874E2F /* Build configuration list for PBXProject "Practice1" */ = {
			isa = XCConfigurationList;
			buildConfigurations = (
				E648630323D769B200874E2F /* Debug */,
				E648630423D769B200874E2F /* Release */,
			);
			defaultConfigurationIsVisible = 0;
			defaultConfigurationName = Release;
		};
		E648630523D769B200874E2F /* Build configuration list for PBXNativeTarget "Practice1" */ = {
			isa = XCConfigurationList;
			buildConfigurations = (
				E648630623D769B200874E2F /* Debug */,
				E648630723D769B200874E2F /* Release */,
			);
			defaultConfigurationIsVisible = 0;
			defaultConfigurationName = Release;
		};
/* End XCConfigurationList section */
	};
	rootObject = E64862E923D769AF00874E2F /* Project object */;
}
